# This file was autogenerated by Stack.
# You should not edit this file by hand.
# For more information, please see the documentation at:
#   https://docs.haskellstack.org/en/stable/lock_files

packages:
- completed:
    name: qlinear
    version: 0.1.2.0
    git: https://github.com/Sorokin-Anton/QLinear
    pantry-tree:
      size: 1800
      sha256: 5e6187d147b85b0c3bfe6f8fbd8a7ac503a1e67b0ebd54ce8e7fcf065d45c151
    commit: f2e638e6c5a9fe53c78f1194ce123f01899b6558
  original:
    git: https://github.com/Sorokin-Anton/QLinear
    commit: f2e638e6c5a9fe53c78f1194ce123f01899b6558
- completed:
    hackage: SmithNormalForm-0.1.0.0@sha256:c941b6cff6db301d933e1cf0cfadaa145b74939e8ad6e004348db46e71b76f72,1280
    pantry-tree:
      size: 372
      sha256: 02ef11426f3f0f313e12b26bbeb6adb2a1e83074db775606c7d1f870d8f96e28
  original:
    hackage: SmithNormalForm-0.1.0.0@sha256:c941b6cff6db301d933e1cf0cfadaa145b74939e8ad6e004348db46e71b76f72,1280
- completed:
    hackage: bed-and-breakfast-0.5@sha256:02b7f3f18b23f97cf70782f09bed746ecad751f331121a3a43fe97880c25fbce,1597
    pantry-tree:
      size: 563
      sha256: 731aaa8e4729d534bf1409844ae5235b0963576a5def565fde4877a328bb30fb
  original:
    hackage: bed-and-breakfast-0.5@sha256:02b7f3f18b23f97cf70782f09bed746ecad751f331121a3a43fe97880c25fbce,1597
- completed:
    hackage: named-0.3.0.1@sha256:16c23f330b9f0373c464fee44d48dfa0f9d561f35bfe73dfd6ea69459688d4e5,2325
    pantry-tree:
      size: 426
      sha256: c58b1c3313b67f124b1b3f6234ad90f1da97d8c9fdd6ad061f63b0fb38097209
  original:
    hackage: named-0.3.0.1@sha256:16c23f330b9f0373c464fee44d48dfa0f9d561f35bfe73dfd6ea69459688d4e5,2325
- completed:
    subdir: hvega
    name: hvega
    version: 0.12.0.2
    git: https://github.com/DougBurke/hvega
    pantry-tree:
      size: 58832
      sha256: cc5b86f2ec293287614ab7d7468b37b0bb54c871689c7f38efbeb8ed76d43e9e
    commit: 9ecd143b9352efd884d727231eaab6a98914886c
  original:
    subdir: hvega
    git: https://github.com/DougBurke/hvega
    commit: 9ecd143b9352efd884d727231eaab6a98914886c
- completed:
    subdir: ihaskell-hvega
    name: ihaskell-hvega
    version: 0.5.0.2
    git: https://github.com/DougBurke/hvega
    pantry-tree:
      size: 586
      sha256: 4c6a70c17b6413fd9eea2e9c16560e1dc3059ec13df144fbeecbd5475a9b3901
    commit: 9ecd143b9352efd884d727231eaab6a98914886c
  original:
    subdir: ihaskell-hvega
    git: https://github.com/DougBurke/hvega
    commit: 9ecd143b9352efd884d727231eaab6a98914886c
snapshots:
- completed:
    size: 590100
    url: https://raw.githubusercontent.com/commercialhaskell/stackage-snapshots/master/lts/18/28.yaml
    sha256: 428ec8d5ce932190d3cbe266b9eb3c175cd81e984babf876b64019e2cbe4ea68
  original:
    url: https://raw.githubusercontent.com/commercialhaskell/stackage-snapshots/master/lts/18/28.yaml
